// !$*UTF8*$!
{
	archiveVersion = 1;
	classes = {
	};
	objectVersion = 48;
	objects = {

/* Begin PBXBuildFile section */
		8B8C00082062BCE500DFC2A1 /* FirstViewController.m in Sources */ = {isa = PBXBuildFile; fileRef = 8B8C00072062BCE500DFC2A1 /* FirstViewController.m */; };
		8B8C000B2062BCF100DFC2A1 /* SecondViewController.m in Sources */ = {isa = PBXBuildFile; fileRef = 8B8C000A2062BCF100DFC2A1 /* SecondViewController.m */; };
		8B8C000E2062BCFA00DFC2A1 /* ThirdViewController.m in Sources */ = {isa = PBXBuildFile; fileRef = 8B8C000D2062BCFA00DFC2A1 /* ThirdViewController.m */; };
		8B8C00112062BD0400DFC2A1 /* FourthViewController.m in Sources */ = {isa = PBXBuildFile; fileRef = 8B8C00102062BD0400DFC2A1 /* FourthViewController.m */; };
		8B8C00142062BD1300DFC2A1 /* FifthViewController.m in Sources */ = {isa = PBXBuildFile; fileRef = 8B8C00132062BD1300DFC2A1 /* FifthViewController.m */; };
		8B8CFFD22062BC9100DFC2A1 /* AppDelegate.m in Sources */ = {isa = PBXBuildFile; fileRef = 8B8CFFD12062BC9100DFC2A1 /* AppDelegate.m */; };
		8B8CFFD82062BC9100DFC2A1 /* Main.storyboard in Resources */ = {isa = PBXBuildFile; fileRef = 8B8CFFD62062BC9100DFC2A1 /* Main.storyboard */; };
		8B8CFFDB2062BC9100DFC2A1 /* Inscript_Task.xcdatamodeld in Sources */ = {isa = PBXBuildFile; fileRef = 8B8CFFD92062BC9100DFC2A1 /* Inscript_Task.xcdatamodeld */; };
		8B8CFFDD2062BC9100DFC2A1 /* Assets.xcassets in Resources */ = {isa = PBXBuildFile; fileRef = 8B8CFFDC2062BC9100DFC2A1 /* Assets.xcassets */; };
		8B8CFFE02062BC9100DFC2A1 /* LaunchScreen.storyboard in Resources */ = {isa = PBXBuildFile; fileRef = 8B8CFFDE2062BC9100DFC2A1 /* LaunchScreen.storyboard */; };
		8B8CFFE32062BC9100DFC2A1 /* main.m in Sources */ = {isa = PBXBuildFile; fileRef = 8B8CFFE22062BC9100DFC2A1 /* main.m */; };
		8B8CFFED2062BC9100DFC2A1 /* Inscript_TaskTests.m in Sources */ = {isa = PBXBuildFile; fileRef = 8B8CFFEC2062BC9100DFC2A1 /* Inscript_TaskTests.m */; };
		8B8CFFF82062BC9100DFC2A1 /* Inscript_TaskUITests.m in Sources */ = {isa = PBXBuildFile; fileRef = 8B8CFFF72062BC9100DFC2A1 /* Inscript_TaskUITests.m */; };
/* End PBXBuildFile section */

/* Begin PBXContainerItemProxy section */
		8B8CFFE92062BC9100DFC2A1 /* PBXContainerItemProxy */ = {
			isa = PBXContainerItemProxy;
			containerPortal = 8B8CFFC52062BC9100DFC2A1 /* Project object */;
			proxyType = 1;
			remoteGlobalIDString = 8B8CFFCC2062BC9100DFC2A1;
			remoteInfo = "Inscript Task";
		};
		8B8CFFF42062BC9100DFC2A1 /* PBXContainerItemProxy */ = {
			isa = PBXContainerItemProxy;
			containerPortal = 8B8CFFC52062BC9100DFC2A1 /* Project object */;
			proxyType = 1;
			remoteGlobalIDString = 8B8CFFCC2062BC9100DFC2A1;
			remoteInfo = "Inscript Task";
		};
/* End PBXContainerItemProxy section */

/* Begin PBXFileReference section */
		8B8C00062062BCE500DFC2A1 /* FirstViewController.h */ = {isa = PBXFileReference; lastKnownFileType = sourcecode.c.h; path = FirstViewController.h; sourceTree = "<group>"; };
		8B8C00072062BCE500DFC2A1 /* FirstViewController.m */ = {isa = PBXFileReference; lastKnownFileType = sourcecode.c.objc; path = FirstViewController.m; sourceTree = "<group>"; };
		8B8C00092062BCF100DFC2A1 /* SecondViewController.h */ = {isa = PBXFileReference; lastKnownFileType = sourcecode.c.h; path = SecondViewController.h; sourceTree = "<group>"; };
		8B8C000A2062BCF100DFC2A1 /* SecondViewController.m */ = {isa = PBXFileReference; lastKnownFileType = sourcecode.c.objc; path = SecondViewController.m; sourceTree = "<group>"; };
		8B8C000C2062BCFA00DFC2A1 /* ThirdViewController.h */ = {isa = PBXFileReference; lastKnownFileType = sourcecode.c.h; path = ThirdViewController.h; sourceTree = "<group>"; };
		8B8C000D2062BCFA00DFC2A1 /* ThirdViewController.m */ = {isa = PBXFileReference; lastKnownFileType = sourcecode.c.objc; path = ThirdViewController.m; sourceTree = "<group>"; };
		8B8C000F2062BD0400DFC2A1 /* FourthViewController.h */ = {isa = PBXFileReference; lastKnownFileType = sourcecode.c.h; path = FourthViewController.h; sourceTree = "<group>"; };
		8B8C00102062BD0400DFC2A1 /* FourthViewController.m */ = {isa = PBXFileReference; lastKnownFileType = sourcecode.c.objc; path = FourthViewController.m; sourceTree = "<group>"; };
		8B8C00122062BD1300DFC2A1 /* FifthViewController.h */ = {isa = PBXFileReference; lastKnownFileType = sourcecode.c.h; path = FifthViewController.h; sourceTree = "<group>"; };
		8B8C00132062BD1300DFC2A1 /* FifthViewController.m */ = {isa = PBXFileReference; lastKnownFileType = sourcecode.c.objc; path = FifthViewController.m; sourceTree = "<group>"; };
		8B8C001B2062CE8C00DFC2A1 /* MessageUI.framework */ = {isa = PBXFileReference; lastKnownFileType = wrapper.framework; name = MessageUI.framework; path = System/Library/Frameworks/MessageUI.framework; sourceTree = SDKROOT; };
		8B8C001C2062CEB900DFC2A1 /* MapKit.framework */ = {isa = PBXFileReference; lastKnownFileType = wrapper.framework; name = MapKit.framework; path = System/Library/Frameworks/MapKit.framework; sourceTree = SDKROOT; };
		8B8C001F2062DD6F00DFC2A1 /* CoreLocation.framework */ = {isa = PBXFileReference; lastKnownFileType = wrapper.framework; name = CoreLocation.framework; path = System/Library/Frameworks/CoreLocation.framework; sourceTree = SDKROOT; };
		8B8CFFCD2062BC9100DFC2A1 /* Inscript Task.app */ = {isa = PBXFileReference; explicitFileType = wrapper.application; includeInIndex = 0; path = "Inscript Task.app"; sourceTree = BUILT_PRODUCTS_DIR; };
		8B8CFFD02062BC9100DFC2A1 /* AppDelegate.h */ = {isa = PBXFileReference; lastKnownFileType = sourcecode.c.h; path = AppDelegate.h; sourceTree = "<group>"; };
		8B8CFFD12062BC9100DFC2A1 /* AppDelegate.m */ = {isa = PBXFileReference; lastKnownFileType = sourcecode.c.objc; path = AppDelegate.m; sourceTree = "<group>"; };
		8B8CFFD72062BC9100DFC2A1 /* Base */ = {isa = PBXFileReference; lastKnownFileType = file.storyboard; name = Base; path = Base.lproj/Main.storyboard; sourceTree = "<group>"; };
		8B8CFFDA2062BC9100DFC2A1 /* Inscript_Task.xcdatamodel */ = {isa = PBXFileReference; lastKnownFileType = wrapper.xcdatamodel; path = Inscript_Task.xcdatamodel; sourceTree = "<group>"; };
		8B8CFFDC2062BC9100DFC2A1 /* Assets.xcassets */ = {isa = PBXFileReference; lastKnownFileType = folder.assetcatalog; path = Assets.xcassets; sourceTree = "<group>"; };
		8B8CFFDF2062BC9100DFC2A1 /* Base */ = {isa = PBXFileReference; lastKnownFileType = file.storyboard; name = Base; path = Base.lproj/LaunchScreen.storyboard; sourceTree = "<group>"; };
		8B8CFFE12062BC9100DFC2A1 /* Info.plist */ = {isa = PBXFileReference; lastKnownFileType = text.plist.xml; path = Info.plist; sourceTree = "<group>"; };
		8B8CFFE22062BC9100DFC2A1 /* main.m */ = {isa = PBXFileReference; lastKnownFileType = sourcecode.c.objc; path = main.m; sourceTree = "<group>"; };
		8B8CFFE82062BC9100DFC2A1 /* Inscript TaskTests.xctest */ = {isa = PBXFileReference; explicitFileType = wrapper.cfbundle; includeInIndex = 0; path = "Inscript TaskTests.xctest"; sourceTree = BUILT_PRODUCTS_DIR; };
		8B8CFFEC2062BC9100DFC2A1 /* Inscript_TaskTests.m */ = {isa = PBXFileReference; lastKnownFileType = sourcecode.c.objc; path = Inscript_TaskTests.m; sourceTree = "<group>"; };
		8B8CFFEE2062BC9100DFC2A1 /* Info.plist */ = {isa = PBXFileReference; lastKnownFileType = text.plist.xml; path = Info.plist; sourceTree = "<group>"; };
		8B8CFFF32062BC9100DFC2A1 /* Inscript TaskUITests.xctest */ = {isa = PBXFileReference; explicitFileType = wrapper.cfbundle; includeInIndex = 0; path = "Inscript TaskUITests.xctest"; sourceTree = BUILT_PRODUCTS_DIR; };
		8B8CFFF72062BC9100DFC2A1 /* Inscript_TaskUITests.m */ = {isa = PBXFileReference; lastKnownFileType = sourcecode.c.objc; path = Inscript_TaskUITests.m; sourceTree = "<group>"; };
		8B8CFFF92062BC9100DFC2A1 /* Info.plist */ = {isa = PBXFileReference; lastKnownFileType = text.plist.xml; path = Info.plist; sourceTree = "<group>"; };
/* End PBXFileReference section */

/* Begin PBXFrameworksBuildPhase section */
		8B8CFFCA2062BC9100DFC2A1 /* Frameworks */ = {
			isa = PBXFrameworksBuildPhase;
			buildActionMask = 2147483647;
			files = (
			);
			runOnlyForDeploymentPostprocessing = 0;
		};
		8B8CFFE52062BC9100DFC2A1 /* Frameworks */ = {
			isa = PBXFrameworksBuildPhase;
			buildActionMask = 2147483647;
			files = (
			);
			runOnlyForDeploymentPostprocessing = 0;
		};
		8B8CFFF02062BC9100DFC2A1 /* Frameworks */ = {
			isa = PBXFrameworksBuildPhase;
			buildActionMask = 2147483647;
			files = (
			);
			runOnlyForDeploymentPostprocessing = 0;
		};
/* End PBXFrameworksBuildPhase section */

/* Begin PBXGroup section */
		8B8C00052062BC9E00DFC2A1 /* special Classes */ = {
			isa = PBXGroup;
			children = (
				8B8CFFD12062BC9100DFC2A1 /* AppDelegate.m */,
				8B8CFFD02062BC9100DFC2A1 /* AppDelegate.h */,
			);
			path = "special Classes";
			sourceTree = "<group>";
		};
		8B8C00152062BD1800DFC2A1 /* ViewControllers */ = {
			isa = PBXGroup;
			children = (
				8B8C00062062BCE500DFC2A1 /* FirstViewController.h */,
				8B8C00072062BCE500DFC2A1 /* FirstViewController.m */,
				8B8C00092062BCF100DFC2A1 /* SecondViewController.h */,
				8B8C000A2062BCF100DFC2A1 /* SecondViewController.m */,
				8B8C000C2062BCFA00DFC2A1 /* ThirdViewController.h */,
				8B8C000D2062BCFA00DFC2A1 /* ThirdViewController.m */,
				8B8C000F2062BD0400DFC2A1 /* FourthViewController.h */,
				8B8C00102062BD0400DFC2A1 /* FourthViewController.m */,
				8B8C00122062BD1300DFC2A1 /* FifthViewController.h */,
				8B8C00132062BD1300DFC2A1 /* FifthViewController.m */,
			);
			path = ViewControllers;
			sourceTree = "<group>";
		};
		8B8C00162062BD4A00DFC2A1 /* Storyboard */ = {
			isa = PBXGroup;
			children = (
				8B8CFFD62062BC9100DFC2A1 /* Main.storyboard */,
				8B8CFFDE2062BC9100DFC2A1 /* LaunchScreen.storyboard */,
			);
			path = Storyboard;
			sourceTree = "<group>";
		};
		8B8C001A2062CE8C00DFC2A1 /* Frameworks */ = {
			isa = PBXGroup;
			children = (
				8B8C001F2062DD6F00DFC2A1 /* CoreLocation.framework */,
				8B8C001C2062CEB900DFC2A1 /* MapKit.framework */,
				8B8C001B2062CE8C00DFC2A1 /* MessageUI.framework */,
			);
			name = Frameworks;
			sourceTree = "<group>";
		};
		8B8CFFC42062BC9100DFC2A1 = {
			isa = PBXGroup;
			children = (
				8B8CFFCF2062BC9100DFC2A1 /* Inscript Task */,
				8B8CFFEB2062BC9100DFC2A1 /* Inscript TaskTests */,
				8B8CFFF62062BC9100DFC2A1 /* Inscript TaskUITests */,
				8B8CFFCE2062BC9100DFC2A1 /* Products */,
				8B8C001A2062CE8C00DFC2A1 /* Frameworks */,
			);
			sourceTree = "<group>";
		};
		8B8CFFCE2062BC9100DFC2A1 /* Products */ = {
			isa = PBXGroup;
			children = (
				8B8CFFCD2062BC9100DFC2A1 /* Inscript Task.app */,
				8B8CFFE82062BC9100DFC2A1 /* Inscript TaskTests.xctest */,
				8B8CFFF32062BC9100DFC2A1 /* Inscript TaskUITests.xctest */,
			);
			name = Products;
			sourceTree = "<group>";
		};
		8B8CFFCF2062BC9100DFC2A1 /* Inscript Task */ = {
			isa = PBXGroup;
			children = (
				8B8C00152062BD1800DFC2A1 /* ViewControllers */,
				8B8C00162062BD4A00DFC2A1 /* Storyboard */,
				8B8C00052062BC9E00DFC2A1 /* special Classes */,
				8B8CFFDC2062BC9100DFC2A1 /* Assets.xcassets */,
				8B8CFFE12062BC9100DFC2A1 /* Info.plist */,
				8B8CFFE22062BC9100DFC2A1 /* main.m */,
				8B8CFFD92062BC9100DFC2A1 /* Inscript_Task.xcdatamodeld */,
			);
			path = "Inscript Task";
			sourceTree = "<group>";
		};
		8B8CFFEB2062BC9100DFC2A1 /* Inscript TaskTests */ = {
			isa = PBXGroup;
			children = (
				8B8CFFEC2062BC9100DFC2A1 /* Inscript_TaskTests.m */,
				8B8CFFEE2062BC9100DFC2A1 /* Info.plist */,
			);
			path = "Inscript TaskTests";
			sourceTree = "<group>";
		};
		8B8CFFF62062BC9100DFC2A1 /* Inscript TaskUITests */ = {
			isa = PBXGroup;
			children = (
				8B8CFFF72062BC9100DFC2A1 /* Inscript_TaskUITests.m */,
				8B8CFFF92062BC9100DFC2A1 /* Info.plist */,
			);
			path = "Inscript TaskUITests";
			sourceTree = "<group>";
		};
/* End PBXGroup section */

/* Begin PBXNativeTarget section */
		8B8CFFCC2062BC9100DFC2A1 /* Inscript Task */ = {
			isa = PBXNativeTarget;
			buildConfigurationList = 8B8CFFFC2062BC9100DFC2A1 /* Build configuration list for PBXNativeTarget "Inscript Task" */;
			buildPhases = (
				8B8CFFC92062BC9100DFC2A1 /* Sources */,
				8B8CFFCA2062BC9100DFC2A1 /* Frameworks */,
				8B8CFFCB2062BC9100DFC2A1 /* Resources */,
			);
			buildRules = (
			);
			dependencies = (
			);
			name = "Inscript Task";
			productName = "Inscript Task";
			productReference = 8B8CFFCD2062BC9100DFC2A1 /* Inscript Task.app */;
			productType = "com.apple.product-type.application";
		};
		8B8CFFE72062BC9100DFC2A1 /* Inscript TaskTests */ = {
			isa = PBXNativeTarget;
			buildConfigurationList = 8B8CFFFF2062BC9100DFC2A1 /* Build configuration list for PBXNativeTarget "Inscript TaskTests" */;
			buildPhases = (
				8B8CFFE42062BC9100DFC2A1 /* Sources */,
				8B8CFFE52062BC9100DFC2A1 /* Frameworks */,
				8B8CFFE62062BC9100DFC2A1 /* Resources */,
			);
			buildRules = (
			);
			dependencies = (
				8B8CFFEA2062BC9100DFC2A1 /* PBXTargetDependency */,
			);
			name = "Inscript TaskTests";
			productName = "Inscript TaskTests";
			productReference = 8B8CFFE82062BC9100DFC2A1 /* Inscript TaskTests.xctest */;
			productType = "com.apple.product-type.bundle.unit-test";
		};
		8B8CFFF22062BC9100DFC2A1 /* Inscript TaskUITests */ = {
			isa = PBXNativeTarget;
			buildConfigurationList = 8B8C00022062BC9100DFC2A1 /* Build configuration list for PBXNativeTarget "Inscript TaskUITests" */;
			buildPhases = (
				8B8CFFEF2062BC9100DFC2A1 /* Sources */,
				8B8CFFF02062BC9100DFC2A1 /* Frameworks */,
				8B8CFFF12062BC9100DFC2A1 /* Resources */,
			);
			buildRules = (
			);
			dependencies = (
				8B8CFFF52062BC9100DFC2A1 /* PBXTargetDependency */,
			);
			name = "Inscript TaskUITests";
			productName = "Inscript TaskUITests";
			productReference = 8B8CFFF32062BC9100DFC2A1 /* Inscript TaskUITests.xctest */;
			productType = "com.apple.product-type.bundle.ui-testing";
		};
/* End PBXNativeTarget section */

/* Begin PBXProject section */
		8B8CFFC52062BC9100DFC2A1 /* Project object */ = {
			isa = PBXProject;
			attributes = {
				LastUpgradeCheck = 0900;
				ORGANIZATIONNAME = "Dhawal Mahajan";
				TargetAttributes = {
					8B8CFFCC2062BC9100DFC2A1 = {
						CreatedOnToolsVersion = 9.0.1;
						ProvisioningStyle = Automatic;
					};
					8B8CFFE72062BC9100DFC2A1 = {
						CreatedOnToolsVersion = 9.0.1;
						ProvisioningStyle = Automatic;
						TestTargetID = 8B8CFFCC2062BC9100DFC2A1;
					};
					8B8CFFF22062BC9100DFC2A1 = {
						CreatedOnToolsVersion = 9.0.1;
						ProvisioningStyle = Automatic;
						TestTargetID = 8B8CFFCC2062BC9100DFC2A1;
					};
				};
			};
			buildConfigurationList = 8B8CFFC82062BC9100DFC2A1 /* Build configuration list for PBXProject "Inscript Task" */;
			compatibilityVersion = "Xcode 8.0";
			developmentRegion = en;
			hasScannedForEncodings = 0;
			knownRegions = (
				en,
				Base,
			);
			mainGroup = 8B8CFFC42062BC9100DFC2A1;
			productRefGroup = 8B8CFFCE2062BC9100DFC2A1 /* Products */;
			projectDirPath = "";
			projectRoot = "";
			targets = (
				8B8CFFCC2062BC9100DFC2A1 /* Inscript Task */,
				8B8CFFE72062BC9100DFC2A1 /* Inscript TaskTests */,
				8B8CFFF22062BC9100DFC2A1 /* Inscript TaskUITests */,
			);
		};
/* End PBXProject section */

/* Begin PBXResourcesBuildPhase section */
		8B8CFFCB2062BC9100DFC2A1 /* Resources */ = {
			isa = PBXResourcesBuildPhase;
			buildActionMask = 2147483647;
			files = (
				8B8CFFE02062BC9100DFC2A1 /* LaunchScreen.storyboard in Resources */,
				8B8CFFDD2062BC9100DFC2A1 /* Assets.xcassets in Resources */,
				8B8CFFD82062BC9100DFC2A1 /* Main.storyboard in Resources */,
			);
			runOnlyForDeploymentPostprocessing = 0;
		};
		8B8CFFE62062BC9100DFC2A1 /* Resources */ = {
			isa = PBXResourcesBuildPhase;
			buildActionMask = 2147483647;
			files = (
			);
			runOnlyForDeploymentPostprocessing = 0;
		};
		8B8CFFF12062BC9100DFC2A1 /* Resources */ = {
			isa = PBXResourcesBuildPhase;
			buildActionMask = 2147483647;
			files = (
			);
			runOnlyForDeploymentPostprocessing = 0;
		};
/* End PBXResourcesBuildPhase section */

/* Begin PBXSourcesBuildPhase section */
		8B8CFFC92062BC9100DFC2A1 /* Sources */ = {
			isa = PBXSourcesBuildPhase;
			buildActionMask = 2147483647;
			files = (
				8B8C00142062BD1300DFC2A1 /* FifthViewController.m in Sources */,
				8B8C000B2062BCF100DFC2A1 /* SecondViewController.m in Sources */,
				8B8CFFD22062BC9100DFC2A1 /* AppDelegate.m in Sources */,
				8B8C000E2062BCFA00DFC2A1 /* ThirdViewController.m in Sources */,
				8B8CFFE32062BC9100DFC2A1 /* main.m in Sources */,
				8B8CFFDB2062BC9100DFC2A1 /* Inscript_Task.xcdatamodeld in Sources */,
				8B8C00112062BD0400DFC2A1 /* FourthViewController.m in Sources */,
				8B8C00082062BCE500DFC2A1 /* FirstViewController.m in Sources */,
			);
			runOnlyForDeploymentPostprocessing = 0;
		};
		8B8CFFE42062BC9100DFC2A1 /* Sources */ = {
			isa = PBXSourcesBuildPhase;
			buildActionMask = 2147483647;
			files = (
				8B8CFFED2062BC9100DFC2A1 /* Inscript_TaskTests.m in Sources */,
			);
			runOnlyForDeploymentPostprocessing = 0;
		};
		8B8CFFEF2062BC9100DFC2A1 /* Sources */ = {
			isa = PBXSourcesBuildPhase;
			buildActionMask = 2147483647;
			files = (
				8B8CFFF82062BC9100DFC2A1 /* Inscript_TaskUITests.m in Sources */,
			);
			runOnlyForDeploymentPostprocessing = 0;
		};
/* End PBXSourcesBuildPhase section */

/* Begin PBXTargetDependency section */
		8B8CFFEA2062BC9100DFC2A1 /* PBXTargetDependency */ = {
			isa = PBXTargetDependency;
			target = 8B8CFFCC2062BC9100DFC2A1 /* Inscript Task */;
			targetProxy = 8B8CFFE92062BC9100DFC2A1 /* PBXContainerItemProxy */;
		};
		8B8CFFF52062BC9100DFC2A1 /* PBXTargetDependency */ = {
			isa = PBXTargetDependency;
			target = 8B8CFFCC2062BC9100DFC2A1 /* Inscript Task */;
			targetProxy = 8B8CFFF42062BC9100DFC2A1 /* PBXContainerItemProxy */;
		};
/* End PBXTargetDependency section */

/* Begin PBXVariantGroup section */
		8B8CFFD62062BC9100DFC2A1 /* Main.storyboard */ = {
			isa = PBXVariantGroup;
			children = (
				8B8CFFD72062BC9100DFC2A1 /* Base */,
			);
			name = Main.storyboard;
			sourceTree = "<group>";
		};
		8B8CFFDE2062BC9100DFC2A1 /* LaunchScreen.storyboard */ = {
			isa = PBXVariantGroup;
			children = (
				8B8CFFDF2062BC9100DFC2A1 /* Base */,
			);
			name = LaunchScreen.storyboard;
			sourceTree = "<group>";
		};
/* End PBXVariantGroup section */

/* Begin XCBuildConfiguration section */
		8B8C00002062BC9100DFC2A1 /* Debug */ = {
			isa = XCBuildConfiguration;
			buildSettings = {
				BUNDLE_LOADER = "$(TEST_HOST)";
				CODE_SIGN_STYLE = Automatic;
				DEVELOPMENT_TEAM = ZZ7FUS4T92;
				INFOPLIST_FILE = "Inscript TaskTests/Info.plist";
				LD_RUNPATH_SEARCH_PATHS = "$(inherited) @executable_path/Frameworks @loader_path/Frameworks";
				PRODUCT_BUNDLE_IDENTIFIER = "Dhawal-Mahajan.Inscript-TaskTests";
				PRODUCT_NAME = "$(TARGET_NAME)";
				TARGETED_DEVICE_FAMILY = "1,2";
				TEST_HOST = "$(BUILT_PRODUCTS_DIR)/Inscript Task.app/Inscript Task";
			};
			name = Debug;
		};
		8B8C00012062BC9100DFC2A1 /* Release */ = {
			isa = XCBuildConfiguration;
			buildSettings = {
				BUNDLE_LOADER = "$(TEST_HOST)";
				CODE_SIGN_STYLE = Automatic;
				DEVELOPMENT_TEAM = ZZ7FUS4T92;
				INFOPLIST_FILE = "Inscript TaskTests/Info.plist";
				LD_RUNPATH_SEARCH_PATHS = "$(inherited) @executable_path/Frameworks @loader_path/Frameworks";
				PRODUCT_BUNDLE_IDENTIFIER = "Dhawal-Mahajan.Inscript-TaskTests";
				PRODUCT_NAME = "$(TARGET_NAME)";
				TARGETED_DEVICE_FAMILY = "1,2";
				TEST_HOST = "$(BUILT_PRODUCTS_DIR)/Inscript Task.app/Inscript Task";
			};
			name = Release;
		};
		8B8C00032062BC9100DFC2A1 /* Debug */ = {
			isa = XCBuildConfiguration;
			buildSettings = {
				CODE_SIGN_STYLE = Automatic;
				DEVELOPMENT_TEAM = ZZ7FUS4T92;
				INFOPLIST_FILE = "Inscript TaskUITests/Info.plist";
				LD_RUNPATH_SEARCH_PATHS = "$(inherited) @executable_path/Frameworks @loader_path/Frameworks";
				PRODUCT_BUNDLE_IDENTIFIER = "Dhawal-Mahajan.Inscript-TaskUITests";
				PRODUCT_NAME = "$(TARGET_NAME)";
				TARGETED_DEVICE_FAMILY = "1,2";
				TEST_TARGET_NAME = "Inscript Task";
			};
			name = Debug;
		};
		8B8C00042062BC9100DFC2A1 /* Release */ = {
			isa = XCBuildConfiguration;
			buildSettings = {
				CODE_SIGN_STYLE = Automatic;
				DEVELOPMENT_TEAM = ZZ7FUS4T92;
				INFOPLIST_FILE = "Inscript TaskUITests/Info.plist";
				LD_RUNPATH_SEARCH_PATHS = "$(inherited) @executable_path/Frameworks @loader_path/Frameworks";
				PRODUCT_BUNDLE_IDENTIFIER = "Dhawal-Mahajan.Inscript-TaskUITests";
				PRODUCT_NAME = "$(TARGET_NAME)";
				TARGETED_DEVICE_FAMILY = "1,2";
				TEST_TARGET_NAME = "Inscript Task";
			};
			name = Release;
		};
		8B8CFFFA2062BC9100DFC2A1 /* Debug */ = {
			isa = XCBuildConfiguration;
			buildSettings = {
				ALWAYS_SEARCH_USER_PATHS = NO;
				CLANG_ANALYZER_NONNULL = YES;
				CLANG_ANALYZER_NUMBER_OBJECT_CONVERSION = YES_AGGRESSIVE;
				CLANG_CXX_LANGUAGE_STANDARD = "gnu++14";
				CLANG_CXX_LIBRARY = "libc++";
				CLANG_ENABLE_MODULES = YES;
				CLANG_ENABLE_OBJC_ARC = YES;
				CLANG_WARN_BLOCK_CAPTURE_AUTORELEASING = YES;
				CLANG_WARN_BOOL_CONVERSION = YES;
				CLANG_WARN_COMMA = YES;
				CLANG_WARN_CONSTANT_CONVERSION = YES;
				CLANG_WARN_DIRECT_OBJC_ISA_USAGE = YES_ERROR;
				CLANG_WARN_DOCUMENTATION_COMMENTS = YES;
				CLANG_WARN_EMPTY_BODY = YES;
				CLANG_WARN_ENUM_CONVERSION = YES;
				CLANG_WARN_INFINITE_RECURSION = YES;
				CLANG_WARN_INT_CONVERSION = YES;
				CLANG_WARN_NON_LITERAL_NULL_CONVERSION = YES;
				CLANG_WARN_OBJC_LITERAL_CONVERSION = YES;
				CLANG_WARN_OBJC_ROOT_CLASS = YES_ERROR;
				CLANG_WARN_RANGE_LOOP_ANALYSIS = YES;
				CLANG_WARN_STRICT_PROTOTYPES = YES;
				CLANG_WARN_SUSPICIOUS_MOVE = YES;
				CLANG_WARN_UNGUARDED_AVAILABILITY = YES_AGGRESSIVE;
				CLANG_WARN_UNREACHABLE_CODE = YES;
				CLANG_WARN__DUPLICATE_METHOD_MATCH = YES;
				CODE_SIGN_IDENTITY = "iPhone Developer";
				COPY_PHASE_STRIP = NO;
				DEBUG_INFORMATION_FORMAT = dwarf;
				ENABLE_STRICT_OBJC_MSGSEND = YES;
				ENABLE_TESTABILITY = YES;
				GCC_C_LANGUAGE_STANDARD = gnu11;
				GCC_DYNAMIC_NO_PIC = NO;
				GCC_NO_COMMON_BLOCKS = YES;
				GCC_OPTIMIZATION_LEVEL = 0;
				GCC_PREPROCESSOR_DEFINITIONS = (
					"DEBUG=1",
					"$(inherited)",
				);
				GCC_WARN_64_TO_32_BIT_CONVERSION = YES;
				GCC_WARN_ABOUT_RETURN_TYPE = YES_ERROR;
				GCC_WARN_UNDECLARED_SELECTOR = YES;
				GCC_WARN_UNINITIALIZED_AUTOS = YES_AGGRESSIVE;
				GCC_WARN_UNUSED_FUNCTION = YES;
				GCC_WARN_UNUSED_VARIABLE = YES;
				IPHONEOS_DEPLOYMENT_TARGET = 11.0;
				MTL_ENABLE_DEBUG_INFO = YES;
				ONLY_ACTIVE_ARCH = YES;
				SDKROOT = iphoneos;
			};
			name = Debug;
		};
		8B8CFFFB2062BC9100DFC2A1 /* Release */ = {
			isa = XCBuildConfiguration;
			buildSettings = {
				ALWAYS_SEARCH_USER_PATHS = NO;
				CLANG_ANALYZER_NONNULL = YES;
				CLANG_ANALYZER_NUMBER_OBJECT_CONVERSION = YES_AGGRESSIVE;
				CLANG_CXX_LANGUAGE_STANDARD = "gnu++14";
				CLANG_CXX_LIBRARY = "libc++";
				CLANG_ENABLE_MODULES = YES;
				CLANG_ENABLE_OBJC_ARC = YES;
				CLANG_WARN_BLOCK_CAPTURE_AUTORELEASING = YES;
				CLANG_WARN_BOOL_CONVERSION = YES;
				CLANG_WARN_COMMA = YES;
				CLANG_WARN_CONSTANT_CONVERSION = YES;
				CLANG_WARN_DIRECT_OBJC_ISA_USAGE = YES_ERROR;
				CLANG_WARN_DOCUMENTATION_COMMENTS = YES;
				CLANG_WARN_EMPTY_BODY = YES;
				CLANG_WARN_ENUM_CONVERSION = YES;
				CLANG_WARN_INFINITE_RECURSION = YES;
				CLANG_WARN_INT_CONVERSION = YES;
				CLANG_WARN_NON_LITERAL_NULL_CONVERSION = YES;
				CLANG_WARN_OBJC_LITERAL_CONVERSION = YES;
				CLANG_WARN_OBJC_ROOT_CLASS = YES_ERROR;
				CLANG_WARN_RANGE_LOOP_ANALYSIS = YES;
				CLANG_WARN_STRICT_PROTOTYPES = YES;
				CLANG_WARN_SUSPICIOUS_MOVE = YES;
				CLANG_WARN_UNGUARDED_AVAILABILITY = YES_AGGRESSIVE;
				CLANG_WARN_UNREACHABLE_CODE = YES;
				CLANG_WARN__DUPLICATE_METHOD_MATCH = YES;
				CODE_SIGN_IDENTITY = "iPhone Developer";
				COPY_PHASE_STRIP = NO;
				DEBUG_INFORMATION_FORMAT = "dwarf-with-dsym";
				ENABLE_NS_ASSERTIONS = NO;
				ENABLE_STRICT_OBJC_MSGSEND = YES;
				GCC_C_LANGUAGE_STANDARD = gnu11;
				GCC_NO_COMMON_BLOCKS = YES;
				GCC_WARN_64_TO_32_BIT_CONVERSION = YES;
				GCC_WARN_ABOUT_RETURN_TYPE = YES_ERROR;
				GCC_WARN_UNDECLARED_SELECTOR = YES;
				GCC_WARN_UNINITIALIZED_AUTOS = YES_AGGRESSIVE;
				GCC_WARN_UNUSED_FUNCTION = YES;
				GCC_WARN_UNUSED_VARIABLE = YES;
				IPHONEOS_DEPLOYMENT_TARGET = 11.0;
				MTL_ENABLE_DEBUG_INFO = NO;
				SDKROOT = iphoneos;
				VALIDATE_PRODUCT = YES;
			};
			name = Release;
		};
		8B8CFFFD2062BC9100DFC2A1 /* Debug */ = {
			isa = XCBuildConfiguration;
			buildSettings = {
				ASSETCATALOG_COMPILER_APPICON_NAME = AppIcon;
				CODE_SIGN_STYLE = Automatic;
				DEVELOPMENT_TEAM = ZZ7FUS4T92;
				INFOPLIST_FILE = "Inscript Task/Info.plist";
				LD_RUNPATH_SEARCH_PATHS = "$(inherited) @executable_path/Frameworks";
				PRODUCT_BUNDLE_IDENTIFIER = "Dhawal-Mahajan.Inscript-Task";
				PRODUCT_NAME = "$(TARGET_NAME)";
				TARGETED_DEVICE_FAMILY = "1,2";
			};
			name = Debug;
		};
		8B8CFFFE2062BC9100DFC2A1 /* Release */ = {
			isa = XCBuildConfiguration;
			buildSettings = {
				ASSETCATALOG_COMPILER_APPICON_NAME = AppIcon;
				CODE_SIGN_STYLE = Automatic;
				DEVELOPMENT_TEAM = ZZ7FUS4T92;
				INFOPLIST_FILE = "Inscript Task/Info.plist";
				LD_RUNPATH_SEARCH_PATHS = "$(inherited) @executable_path/Frameworks";
				PRODUCT_BUNDLE_IDENTIFIER = "Dhawal-Mahajan.Inscript-Task";
				PRODUCT_NAME = "$(TARGET_NAME)";
				TARGETED_DEVICE_FAMILY = "1,2";
			};
			name = Release;
		};
/* End XCBuildConfiguration section */

/* Begin XCConfigurationList section */
		8B8C00022062BC9100DFC2A1 /* Build configuration list for PBXNativeTarget "Inscript TaskUITests" */ = {
			isa = XCConfigurationList;
			buildConfigurations = (
				8B8C00032062BC9100DFC2A1 /* Debug */,
				8B8C00042062BC9100DFC2A1 /* Release */,
			);
			defaultConfigurationIsVisible = 0;
			defaultConfigurationName = Release;
		};
		8B8CFFC82062BC9100DFC2A1 /* Build configuration list for PBXProject "Inscript Task" */ = {
			isa = XCConfigurationList;
			buildConfigurations = (
				8B8CFFFA2062BC9100DFC2A1 /* Debug */,
				8B8CFFFB2062BC9100DFC2A1 /* Release */,
			);
			defaultConfigurationIsVisible = 0;
			defaultConfigurationName = Release;
		};
		8B8CFFFC2062BC9100DFC2A1 /* Build configuration list for PBXNativeTarget "Inscript Task" */ = {
			isa = XCConfigurationList;
			buildConfigurations = (
				8B8CFFFD2062BC9100DFC2A1 /* Debug */,
				8B8CFFFE2062BC9100DFC2A1 /* Release */,
			);
			defaultConfigurationIsVisible = 0;
			defaultConfigurationName = Release;
		};
		8B8CFFFF2062BC9100DFC2A1 /* Build configuration list for PBXNativeTarget "Inscript TaskTests" */ = {
			isa = XCConfigurationList;
			buildConfigurations = (
				8B8C00002062BC9100DFC2A1 /* Debug */,
				8B8C00012062BC9100DFC2A1 /* Release */,
			);
			defaultConfigurationIsVisible = 0;
			defaultConfigurationName = Release;
		};
/* End XCConfigurationList section */

/* Begin XCVersionGroup section */
		8B8CFFD92062BC9100DFC2A1 /* Inscript_Task.xcdatamodeld */ = {
			isa = XCVersionGroup;
			children = (
				8B8CFFDA2062BC9100DFC2A1 /* Inscript_Task.xcdatamodel */,
			);
			currentVersion = 8B8CFFDA2062BC9100DFC2A1 /* Inscript_Task.xcdatamodel */;
			path = Inscript_Task.xcdatamodeld;
			sourceTree = "<group>";
			versionGroupType = wrapper.xcdatamodel;
		};
/* End XCVersionGroup section */
	};
	rootObject = 8B8CFFC52062BC9100DFC2A1 /* Project object */;
}
